# THIS IS AN AUTOGENERATED FILE. DO NOT EDIT THIS FILE DIRECTLY.
# yarn lockfile v1


"@polymer/polymer@^2.2.0", "@polymer/polymer@^2.3.0":
  version "2.3.0"
  resolved "https://registry.yarnpkg.com/@polymer/polymer/-/polymer-2.3.0.tgz#4bf8aef3d068cf25157fbf5b31ada0f187b8a56b"

"@webcomponents/webcomponentsjs@^1.0.19", "@webcomponents/webcomponentsjs@^1.0.20":
  version "1.0.20"
  resolved "https://registry.yarnpkg.com/@webcomponents/webcomponentsjs/-/webcomponentsjs-1.0.20.tgz#bac97c9709a3130241da4c2c85710e1dc8775b1c"

profilex-app-router@^1.0.1:
  version "1.0.1"
  resolved "https://registry.yarnpkg.com/profilex-app-router/-/profilex-app-router-1.0.1.tgz#6fb4612d91fc995b6f3f884791c75d45b53871d8"

profilex-common-css@1.0.11, profilex-common-css@^1.0.10, profilex-common-css@^1.0.11, profilex-common-css@^1.0.7, profilex-common-css@^1.0.9:
  version "1.0.11"
  resolved "https://registry.yarnpkg.com/profilex-common-css/-/profilex-common-css-1.0.11.tgz#17f53ca33d2d2409eb26eb34d6438d5447e47f38"

profilex-create-popup@^1.0.5:
  version "1.0.5"
  resolved "https://registry.yarnpkg.com/profilex-create-popup/-/profilex-create-popup-1.0.5.tgz#3d2863ab33201351b5701752426265d084e90086"
  dependencies:
    "@polymer/polymer" "^2.2.0"
    "@webcomponents/webcomponentsjs" "^1.0.19"
    profilex-common-css "^1.0.7"
    profilex-polymer-behaviors "^1.0.1"

profilex-detail-view@^1.0.0:
  version "1.0.0"
  resolved "https://registry.yarnpkg.com/profilex-detail-view/-/profilex-detail-view-1.0.0.tgz#353ef65142a4bfc0e5d1296ecd445571c2edf373"
  dependencies:
    "@polymer/polymer" "^2.3.0"
    "@webcomponents/webcomponentsjs" "^1.0.20"
    profilex-common-css "^1.0.9"

profilex-list-view@^1.0.0:
  version "1.0.0"
  resolved "https://registry.yarnpkg.com/profilex-list-view/-/profilex-list-view-1.0.0.tgz#e9c0601452c65c8eb8ae935f0ac8e952dfdd1839"
  dependencies:
    "@polymer/polymer" "^2.3.0"
    "@webcomponents/webcomponentsjs" "^1.0.20"
    profilex-common-css "^1.0.10"

profilex-polymer-behaviors@^1.0.1:
  version "1.0.1"
  resolved "https://registry.yarnpkg.com/profilex-polymer-behaviors/-/profilex-polymer-behaviors-1.0.1.tgz#06da4c8fefa16ba935741b93d423cbe00e8fd4c5"
