# THIS IS AN AUTOGENERATED FILE. DO NOT EDIT THIS FILE DIRECTLY.
# yarn lockfile v1


"@polymer/polymer@^2.3.0":
  version "2.3.0"
  resolved "https://registry.yarnpkg.com/@polymer/polymer/-/polymer-2.3.0.tgz#4bf8aef3d068cf25157fbf5b31ada0f187b8a56b"

"@webcomponents/webcomponentsjs@^1.0.20":
  version "1.0.20"
  resolved "https://registry.yarnpkg.com/@webcomponents/webcomponentsjs/-/webcomponentsjs-1.0.20.tgz#bac97c9709a3130241da4c2c85710e1dc8775b1c"

profilex-app-router@^1.0.1:
  version "1.0.1"
  resolved "https://registry.yarnpkg.com/profilex-app-router/-/profilex-app-router-1.0.1.tgz#6fb4612d91fc995b6f3f884791c75d45b53871d8"

profilex-common-css@^1.0.13:
  version "1.0.13"
  resolved "https://registry.yarnpkg.com/profilex-common-css/-/profilex-common-css-1.0.13.tgz#28ea38dcfd3e96796fc0c441a031d9cb5f1efb56"

profilex-create-popup@^1.0.8:
  version "1.0.8"
  resolved "https://registry.yarnpkg.com/profilex-create-popup/-/profilex-create-popup-1.0.8.tgz#a8e62fa18d1b3f28e0f4ce4795c7f47a92d72a18"
  dependencies:
    "@polymer/polymer" "^2.3.0"
    "@webcomponents/webcomponentsjs" "^1.0.20"
    profilex-common-css "^1.0.13"
    profilex-polymer-behaviors "^1.0.1"

profilex-detail-view@^1.0.1:
  version "1.0.1"
  resolved "https://registry.yarnpkg.com/profilex-detail-view/-/profilex-detail-view-1.0.1.tgz#5d053ec01e103e5945798856fc199999d17886ef"
  dependencies:
    "@polymer/polymer" "^2.3.0"
    "@webcomponents/webcomponentsjs" "^1.0.20"
    profilex-common-css "^1.0.13"

profilex-list-view@^1.0.3:
  version "1.0.3"
  resolved "https://registry.yarnpkg.com/profilex-list-view/-/profilex-list-view-1.0.3.tgz#7134c8ed1586fd8843acc47251853be124dc13f3"
  dependencies:
    "@polymer/polymer" "^2.3.0"
    "@webcomponents/webcomponentsjs" "^1.0.20"
    profilex-common-css "^1.0.13"

profilex-polymer-behaviors@^1.0.1:
  version "1.0.1"
  resolved "https://registry.yarnpkg.com/profilex-polymer-behaviors/-/profilex-polymer-behaviors-1.0.1.tgz#06da4c8fefa16ba935741b93d423cbe00e8fd4c5"
